{
  "requires": true,
  "lockfileVersion": 1,
  "dependencies": {
    "@types/cesium": {
      "version": "1.47.3",
      "resolved": "https://registry.npmjs.org/@types/cesium/-/cesium-1.47.3.tgz",
      "integrity": "sha512-CEvYpOEpnflcF1zgbijWMgYHaAHmyHP/AMDr0AjYedBJjs/m8pgVm5ORKO9TihaUiDS+ay8vk2SHSp2o7Q+4Ow=="
    }
  }
}
